Microsoft Visual Studio Solution File, Format Version 12.00
# Visual Studio Version 17
VisualStudioVersion = 17.5.2.0
MinimumVisualStudioVersion = 10.0.40219.1
Project("{FAE04EC0-301F-11D3-BF4B-00C04F79EFBC}") = "PolishIdentifiers", "PolishIdentifiers\PolishIdentifiers.csproj", "{27F4A434-9FEE-5D97-C550-00194DC2DF91}"
EndProject
Project("{FAE04EC0-301F-11D3-BF4B-00C04F79EFBC}") = "PolishIdentifiers.Tests", "PolishIdentifiers.Tests\PolishIdentifiers.Tests.csproj", "{53F58AF5-A9C8-44A0-B27D-3F99B3E72780}"
EndProject
Global
	GlobalSection(SolutionConfigurationPlatforms) = preSolution
		Debug|Any CPU = Debug|Any CPU
		Release|Any CPU = Release|Any CPU
	EndGlobalSection
	GlobalSection(ProjectConfigurationPlatforms) = postSolution
		{27F4A434-9FEE-5D97-C550-00194DC2DF91}.Debug|Any CPU.ActiveCfg = Debug|Any CPU
		{27F4A434-9FEE-5D97-C550-00194DC2DF91}.Debug|Any CPU.Build.0 = Debug|Any CPU
		{27F4A434-9FEE-5D97-C550-00194DC2DF91}.Release|Any CPU.ActiveCfg = Release|Any CPU
		{27F4A434-9FEE-5D97-C550-00194DC2DF91}.Release|Any CPU.Build.0 = Release|Any CPU
		{53F58AF5-A9C8-44A0-B27D-3F99B3E72780}.Debug|Any CPU.ActiveCfg = Debug|Any CPU
		{53F58AF5-A9C8-44A0-B27D-3F99B3E72780}.Debug|Any CPU.Build.0 = Debug|Any CPU
		{53F58AF5-A9C8-44A0-B27D-3F99B3E72780}.Release|Any CPU.ActiveCfg = Release|Any CPU
		{53F58AF5-A9C8-44A0-B27D-3F99B3E72780}.Release|Any CPU.Build.0 = Release|Any CPU
	EndGlobalSection
	GlobalSection(SolutionProperties) = preSolution
		HideSolutionNode = FALSE
	EndGlobalSection
	GlobalSection(ExtensibilityGlobals) = postSolution
		SolutionGuid = {7DE7B90F-B826-48E7-B593-1542023F1A77}
	EndGlobalSection
EndGlobal
